{
  "name": "typescript",
  "version": "1.0.0",
  "lockfileVersion": 1,
  "dependencies": {
    "@types/lodash": {
      "version": "4.14.68",
      "resolved": "https://registry.npmjs.org/@types/lodash/-/lodash-4.14.68.tgz",
      "integrity": "sha512-tndmbhJc7EeymtvgcZ0oX2H0P95VcT1FlAoeki3bl71DqL9zA/tbJcMZyR1kJkHDvr+57I7+gsn+BVPHIqgcbQ==",
      "dev": true
    },
    "lodash": {
      "version": "4.14.2",
      "resolved": "https://registry.npmjs.org/lodash/-/lodash-4.14.2.tgz",
      "integrity": "sha1-u8zOY3OkAPv9CoxnykL20e9BZDI="
    }
  }
}
